
Microsoft Visual Studio Solution File, Format Version 12.00
# Visual Studio Version 17
VisualStudioVersion = 17.9.34728.123
MinimumVisualStudioVersion = 10.0.40219.1
Project("{FAE04EC0-301F-11D3-BF4B-00C04F79EFBC}") = "SANPHAM", "SANPHAM.csproj", "{0EB0FC36-98A5-468C-861E-3AB9C326BB65}"
EndProject
Global
	GlobalSection(SolutionConfigurationPlatforms) = preSolution
		Debug|Any CPU = Debug|Any CPU
		Release|Any CPU = Release|Any CPU
	EndGlobalSection
	GlobalSection(ProjectConfigurationPlatforms) = postSolution
		{0EB0FC36-98A5-468C-861E-3AB9C326BB65}.Debug|Any CPU.ActiveCfg = Debug|Any CPU
		{0EB0FC36-98A5-468C-861E-3AB9C326BB65}.Debug|Any CPU.Build.0 = Debug|Any CPU
		{0EB0FC36-98A5-468C-861E-3AB9C326BB65}.Release|Any CPU.ActiveCfg = Release|Any CPU
		{0EB0FC36-98A5-468C-861E-3AB9C326BB65}.Release|Any CPU.Build.0 = Release|Any CPU
	EndGlobalSection
	GlobalSection(SolutionProperties) = preSolution
		HideSolutionNode = FALSE
	EndGlobalSection
	GlobalSection(ExtensibilityGlobals) = postSolution
		SolutionGuid = {FF7B24CE-5AA9-4772-B176-20C48A253CAA}
	EndGlobalSection
EndGlobal
